<?xml version="1.0" encoding="UTF-8" standalone="yes" ?>
<CodeBlocks_project_file>
	<FileVersion major="1" minor="6" />
	<Project>
		<Option title="GolfXTRM client" />
		<Option pch_mode="2" />
		<Option default_target="Release" />
		<Option compiler="gcc" />
		<Build>
			<Target title="Debug">
				<Option output="bin\Debug\GolfXTRM debug" prefix_auto="1" extension_auto="1" />
				<Option object_output="obj\Debug\" />
				<Option type="1" />
				<Option compiler="gcc" />
				<Compiler>
					<Add option="-g" />
				</Compiler>
			</Target>
			<Target title="Release">
				<Option output="bin\Release\GolfXTRM" prefix_auto="1" extension_auto="1" />
				<Option object_output="obj\Release\" />
				<Option type="0" />
				<Option compiler="gcc" />
				<Option projectCompilerOptionsRelation="1" />
				<Compiler>
					<Add option="-fomit-frame-pointer" />
					<Add option="-fexpensive-optimizations" />
					<Add option="-O3" />
					<Add option="-fgcse-sm" />
					<Add option="-fgcse-las" />
					<Add option="-fgcse-after-reload" />
					<Add option="-fsched-spec-load" />
					<Add option="-fsched-spec-load-dangerous" />
					<Add option="-fprofile-generate" />
					<Add option="-fbranch-probabilities" />
					<Add option="-fprofile-arcs" />
					<Add option="-fprofile-use" />
					<Add option="-fprofile-values" />
					<Add option="--coverage" />
					<Add option="-ftest-coverage" />
					<Add option="-fsched2-use-traces" />
					<Add option="-ftree-loop-linear" />
					<Add option="-fpeel-loops" />
					<Add option="-funroll-loops" />
					<Add option="-funswitch-loops" />
					<Add option="-DINTRO" />
				</Compiler>
				<Linker>
					<Add option="-s" />
					<Add option="-fprofile-arcs" />
					<Add option="-lgcov" />
				</Linker>
			</Target>
			<Target title="Release_fullscreen">
				<Option output="bin\Release\GolfXTRM fullscreen" prefix_auto="1" extension_auto="1" />
				<Option object_output="obj\Release\fullscreen" />
				<Option type="0" />
				<Option compiler="gcc" />
				<Option projectCompilerOptionsRelation="1" />
				<Compiler>
					<Add option="-fomit-frame-pointer" />
					<Add option="-fexpensive-optimizations" />
					<Add option="-O3" />
					<Add option="-fgcse-sm" />
					<Add option="-fgcse-las" />
					<Add option="-fgcse-after-reload" />
					<Add option="-fsched-spec-load" />
					<Add option="-fsched-spec-load-dangerous" />
					<Add option="-fprofile-generate" />
					<Add option="-fbranch-probabilities" />
					<Add option="-fprofile-arcs" />
					<Add option="-fprofile-use" />
					<Add option="-fprofile-values" />
					<Add option="--coverage" />
					<Add option="-ftest-coverage" />
					<Add option="-fsched2-use-traces" />
					<Add option="-ftree-loop-linear" />
					<Add option="-fpeel-loops" />
					<Add option="-funroll-loops" />
					<Add option="-funswitch-loops" />
					<Add option="-DINTRO" />
					<Add option="-DWINDOW_FULLSCREEN" />
				</Compiler>
				<Linker>
					<Add option="-s" />
					<Add option="-fprofile-arcs" />
					<Add option="-lgcov" />
				</Linker>
			</Target>
			<Target title="Release_largewindow">
				<Option output="bin\Release\GolfXTRM window" prefix_auto="1" extension_auto="1" />
				<Option object_output="obj\Release\largewindow" />
				<Option type="0" />
				<Option compiler="gcc" />
				<Option projectCompilerOptionsRelation="1" />
				<Compiler>
					<Add option="-fomit-frame-pointer" />
					<Add option="-fexpensive-optimizations" />
					<Add option="-O3" />
					<Add option="-fgcse-sm" />
					<Add option="-fgcse-las" />
					<Add option="-fgcse-after-reload" />
					<Add option="-fsched-spec-load" />
					<Add option="-fsched-spec-load-dangerous" />
					<Add option="-fprofile-generate" />
					<Add option="-fbranch-probabilities" />
					<Add option="-fprofile-arcs" />
					<Add option="-fprofile-use" />
					<Add option="-fprofile-values" />
					<Add option="--coverage" />
					<Add option="-ftest-coverage" />
					<Add option="-fsched2-use-traces" />
					<Add option="-ftree-loop-linear" />
					<Add option="-fpeel-loops" />
					<Add option="-funroll-loops" />
					<Add option="-funswitch-loops" />
					<Add option="-DINTRO" />
					<Add option="-DWINDOW_LARGE" />
				</Compiler>
				<Linker>
					<Add option="-s" />
					<Add option="-fprofile-arcs" />
					<Add option="-lgcov" />
				</Linker>
			</Target>
		</Build>
		<VirtualTargets>
			<Add alias="All" targets="Debug;Release;Release_fullscreen;Release_largewindow;" />
		</VirtualTargets>
		<Compiler>
			<Add option="-Wall" />
			<Add directory="include" />
			<Add directory="$(#glfw.include)" />
			<Add directory="$(#boost.include)" />
			<Add directory="$(#glew.include)" />
			<Add directory="lib" />
		</Compiler>
		<Linker>
			<Add library="lib\libSOIL.a" />
			<Add library="lib\libglew32.a" />
			<Add library="glfw" />
			<Add library="opengl32" />
			<Add library="glu32" />
			<Add library="gdi32" />
			<Add library="lib\libglu32.a" />
			<Add library="lib\libopengl32.a" />
			<Add library="lib\libirrKlang.a" />
			<Add library="ws2_32" />
			<Add directory="$(#glfw.lib)" />
			<Add directory="$(#boost.lib)" />
		</Linker>
		<Unit filename="ashtree.cpp" />
		<Unit filename="firtree.cpp" />
		<Unit filename="global_objects.h" />
		<Unit filename="globaldefs.h" />
		<Unit filename="globalvars_client.h" />
		<Unit filename="globalvars_client_extern.h" />
		<Unit filename="golfball.cpp" />
		<Unit filename="golfclub.cpp" />
		<Unit filename="golfcourse.cpp" />
		<Unit filename="golfer.cpp" />
		<Unit filename="golfer.h" />
		<Unit filename="golfer_update.cpp" />
		<Unit filename="holdable.cpp" />
		<Unit filename="holdable.h" />
		<Unit filename="landscape_feature.cpp" />
		<Unit filename="landscape_features.h" />
		<Unit filename="main.cpp">
			<Option weight="0" />
		</Unit>
		<Unit filename="oaktree.cpp" />
		<Unit filename="objloader.cpp" />
		<Unit filename="objloader.h" />
		<Unit filename="particle.cpp" />
		<Unit filename="particle.h" />
		<Unit filename="perlin.cpp" />
		<Unit filename="perlin.h" />
		<Unit filename="progressbar.h" />
		<Unit filename="terrain.cpp" />
		<Unit filename="terrain.h" />
		<Unit filename="universe.cpp" />
		<Unit filename="version.h" />
		<Unit filename="world.cpp" />
		<Unit filename="worldcomponents.h" />
		<Unit filename="worldcomponents_render.cpp" />
		<Unit filename="worldcomponents_update.cpp" />
		<Extensions>
			<code_completion />
			<envvars />
			<debugger />
			<AutoVersioning>
				<Scheme minor_max="10" build_max="0" rev_max="0" rev_rand_max="10" build_times_to_increment_minor="100" />
				<Settings autoincrement="1" date_declarations="1" do_auto_increment="1" ask_to_increment="0" language="C++" svn="0" svn_directory="" header_path="version.h" />
				<Changes_Log show_changes_editor="0" app_title="released version %M.%m.%b of %p" changeslog_path="ChangesLog.txt" />
				<Code header_guard="VERSION_H" namespace="AutoVersion" prefix="" />
			</AutoVersioning>
		</Extensions>
	</Project>
</CodeBlocks_project_file>
